
Microsoft Visual Studio Solution File, Format Version 12.00
# Visual Studio Version 16
VisualStudioVersion = 16.0.31702.278
MinimumVisualStudioVersion = 10.0.40219.1
Project("{FAE04EC0-301F-11D3-BF4B-00C04F79EFBC}") = "Aula232_LINQ_ExercicioResolvido", "Aula232_LINQ_ExercicioResolvido\Aula232_LINQ_ExercicioResolvido.csproj", "{BD4B7FEA-09AE-4BE5-B4BE-B18D7A6496F5}"
EndProject
Global
	GlobalSection(SolutionConfigurationPlatforms) = preSolution
		Debug|Any CPU = Debug|Any CPU
		Release|Any CPU = Release|Any CPU
	EndGlobalSection
	GlobalSection(ProjectConfigurationPlatforms) = postSolution
		{BD4B7FEA-09AE-4BE5-B4BE-B18D7A6496F5}.Debug|Any CPU.ActiveCfg = Debug|Any CPU
		{BD4B7FEA-09AE-4BE5-B4BE-B18D7A6496F5}.Debug|Any CPU.Build.0 = Debug|Any CPU
		{BD4B7FEA-09AE-4BE5-B4BE-B18D7A6496F5}.Release|Any CPU.ActiveCfg = Release|Any CPU
		{BD4B7FEA-09AE-4BE5-B4BE-B18D7A6496F5}.Release|Any CPU.Build.0 = Release|Any CPU
	EndGlobalSection
	GlobalSection(SolutionProperties) = preSolution
		HideSolutionNode = FALSE
	EndGlobalSection
	GlobalSection(ExtensibilityGlobals) = postSolution
		SolutionGuid = {AECCD8FF-FB6D-44B9-BEA7-8E852E97D1E6}
	EndGlobalSection
EndGlobal
